
Microsoft Visual Studio Solution File, Format Version 12.00
# Visual Studio Version 17
VisualStudioVersion = 17.4.33213.308
MinimumVisualStudioVersion = 10.0.40219.1
Project("{FAE04EC0-301F-11D3-BF4B-00C04F79EFBC}") = "RateEngine", "RateEngine\RateEngine.csproj", "{000F921C-F005-4A4B-A894-B149D8299491}"
EndProject
Global
	GlobalSection(SolutionConfigurationPlatforms) = preSolution
		Debug|Any CPU = Debug|Any CPU
		Release|Any CPU = Release|Any CPU
	EndGlobalSection
	GlobalSection(ProjectConfigurationPlatforms) = postSolution
		{000F921C-F005-4A4B-A894-B149D8299491}.Debug|Any CPU.ActiveCfg = Debug|Any CPU
		{000F921C-F005-4A4B-A894-B149D8299491}.Debug|Any CPU.Build.0 = Debug|Any CPU
		{000F921C-F005-4A4B-A894-B149D8299491}.Release|Any CPU.ActiveCfg = Release|Any CPU
		{000F921C-F005-4A4B-A894-B149D8299491}.Release|Any CPU.Build.0 = Release|Any CPU
	EndGlobalSection
	GlobalSection(SolutionProperties) = preSolution
		HideSolutionNode = FALSE
	EndGlobalSection
	GlobalSection(ExtensibilityGlobals) = postSolution
		SolutionGuid = {6E59E9F6-31D4-49E2-862F-DBD621A40C7F}
	EndGlobalSection
EndGlobal
